<Solution>
  <Folder Name="/src/">
    <Project Path="src/CanDoItAll.Components.BaseLib/CanDoItAll.Components.BaseLib.csproj" />
    <Project Path="src/CanDoItAll.Components.CanvasLib/CanDoItAll.Components.CanvasLib.csproj" />
    <Project Path="src/CanDoItAll.Components.Charts/CanDoItAll.Components.Charts.csproj" />
    <Project Path="src/CanDoItAll.Components.Common/CanDoItAll.Components.Common.csproj" />
    <Project Path="src/CanDoItAll.Components.Mermaid/CanDoItAll.Components.Mermaid.csproj" />
    <Project Path="src/CanDoItAll.Components.OverlayLib/CanDoItAll.Components.OverlayLib.csproj" />
    <Project Path="src/CanDoItAll.Components.Sandbox/CanDoItAll.Components.Sandbox.csproj" />
    <Project Path="src/CanDoItAll.Components.WebGlSandbox/CanDoItAll.Components.WebGlSandbox.csproj" />
    <Project Path="src/CanDoItAll.Components.WebGlLib/CanDoItAll.Components.WebGlLib.csproj" />
    <Project Path="src/CanDoItAll.Components.WebGlRunLib/CanDoItAll.Components.WebGlRunLib.csproj" />
  </Folder>
  <Folder Name="/tests/">
    <Project Path="tests/CanDoItAll.Components.WebGlLib.Tests/CanDoItAll.Components.WebGlLib.Tests.csproj" />
    <Project Path="tests/CanDoItAll.Components.WebGlRunLib.Tests/CanDoItAll.Components.WebGlRunLib.Tests.csproj" />
  </Folder>
</Solution>
