<Solution>
  <Folder Name="/src/">
    <Project Path="src/CanDoItAll.Components.BaseLib/CanDoItAll.Components.BaseLib.csproj" />
    <Project Path="src/CanDoItAll.Components.CanvasLib/CanDoItAll.Components.CanvasLib.csproj" />
    <Project Path="src/CanDoItAll.Components.Charts/CanDoItAll.Components.Charts.csproj" />
    <Project Path="src/CanDoItAll.Components.Common/CanDoItAll.Components.Common.csproj" />
    <Project Path="src/CanDoItAll.Components.FileBrowser.BaseLib/CanDoItAll.Components.FileBrowser.BaseLib.csproj" />
    <Project Path="src/CanDoItAll.Components.FileBrowser.Core/CanDoItAll.Components.FileBrowser.Core.csproj" />
    <Project Path="src/CanDoItAll.Components.FileBrowser.Providers.FileSystem/CanDoItAll.Components.FileBrowser.Providers.FileSystem.csproj" />
    <Project Path="src/CanDoItAll.Components.FileBrowser.Sandbox/CanDoItAll.Components.FileBrowser.Sandbox.csproj" />
    <Project Path="src/CanDoItAll.Components.Mermaid/CanDoItAll.Components.Mermaid.csproj" />
    <Project Path="src/CanDoItAll.Components.OverlayLib/CanDoItAll.Components.OverlayLib.csproj" />
    <Project Path="src/CanDoItAll.Components.QRCode/CanDoItAll.Components.QRCode.csproj" />
    <Project Path="src/CanDoItAll.Components.Sandbox/CanDoItAll.Components.Sandbox.csproj" />
    <Project Path="src/CanDoItAll.Components.WebGlSandbox/CanDoItAll.Components.WebGlSandbox.csproj" />
    <Project Path="src/CanDoItAll.Components.WebGlLib/CanDoItAll.Components.WebGlLib.csproj" />
    <Project Path="src/CanDoItAll.Components.WebGlRunLib/CanDoItAll.Components.WebGlRunLib.csproj" />
  </Folder>
  <Folder Name="/samples/">
    <Project Path="samples/CanDoItAll.Components.WebGlLibOnlyViewer/CanDoItAll.Components.WebGlLibOnlyViewer.csproj" />
    <Project Path="samples/CanDoItAll.Components.WebGlRunLibGenericSample/CanDoItAll.Components.WebGlRunLibGenericSample.csproj" />
  </Folder>
  <Folder Name="/tests/">
    <Project Path="tests/CanDoItAll.Components.BaseLib.Tests/CanDoItAll.Components.BaseLib.Tests.csproj" />
    <Project Path="tests/CanDoItAll.Components.Common.Tests/CanDoItAll.Components.Common.Tests.csproj" />
    <Project Path="tests/CanDoItAll.Components.FileBrowser.BaseLib.Tests/CanDoItAll.Components.FileBrowser.BaseLib.Tests.csproj" />
    <Project Path="tests/CanDoItAll.Components.FileBrowser.Core.Tests/CanDoItAll.Components.FileBrowser.Core.Tests.csproj" />
    <Project Path="tests/CanDoItAll.Components.FileBrowser.Providers.FileSystem.Tests/CanDoItAll.Components.FileBrowser.Providers.FileSystem.Tests.csproj" />
    <Project Path="tests/CanDoItAll.Components.QRCode.Tests/CanDoItAll.Components.QRCode.Tests.csproj" />
    <Project Path="tests/CanDoItAll.Components.WebGlLib.Tests/CanDoItAll.Components.WebGlLib.Tests.csproj" />
    <Project Path="tests/CanDoItAll.Components.WebGlRunLib.Tests/CanDoItAll.Components.WebGlRunLib.Tests.csproj" />
  </Folder>
</Solution>
