{
  "name": "candoitall-components",
  "version": "0.1.0",
  "lockfileVersion": 3,
  "requires": true,
  "packages": {
    "": {
      "name": "candoitall-components",
      "version": "0.1.0",
      "license": "MIT",
      "devDependencies": {
        "material-symbols": "^0.45.10",
        "mustache": "^4.2.0",
        "odiff-bin": "^4.5.0",
        "playwright": "^1.60.0",
        "three": "^0.184.0"
      }
    },
    "node_modules/@odiff/darwin-arm64": {
      "version": "4.5.0",
      "resolved": "https://registry.npmjs.org/@odiff/darwin-arm64/-/darwin-arm64-4.5.0.tgz",
      "integrity": "sha512-fztpr/73BNwJqua2xSjGaxkZr9xMVDqYFIKFnZS/MAW1MzHg6lN9r0kno2aY9FSIbCyE6c6/0MqbHs/+AkDhXw==",
      "cpu": [
        "arm64"
      ],
      "dev": true,
      "license": "MIT",
      "optional": true,
      "os": [
        "darwin"
      ]
    },
    "node_modules/@odiff/darwin-x64": {
      "version": "4.5.0",
      "resolved": "https://registry.npmjs.org/@odiff/darwin-x64/-/darwin-x64-4.5.0.tgz",
      "integrity": "sha512-UXm/Ak+arL5tP8fwUNKR8vuuUGtm9aYOPS2oLzhkoV5/GfK5vY09nusW6Z5c5ka9VYQQyDHRKOUieXTIZKNdxg==",
      "cpu": [
        "x64"
      ],
      "dev": true,
      "license": "MIT",
      "optional": true,
      "os": [
        "darwin"
      ]
    },
    "node_modules/@odiff/linux-arm64": {
      "version": "4.5.0",
      "resolved": "https://registry.npmjs.org/@odiff/linux-arm64/-/linux-arm64-4.5.0.tgz",
      "integrity": "sha512-tAuSZSW4H6D6rscqpTtZ68dzK+FxbeSSzJHfJqcAmn9k7WWzXIseNRH6XLgFQE8t3bY1u6DqtOxQbE7nQV3ciw==",
      "cpu": [
        "arm64"
      ],
      "dev": true,
      "license": "MIT",
      "optional": true,
      "os": [
        "linux"
      ]
    },
    "node_modules/@odiff/linux-riscv64": {
      "version": "4.5.0",
      "resolved": "https://registry.npmjs.org/@odiff/linux-riscv64/-/linux-riscv64-4.5.0.tgz",
      "integrity": "sha512-LZ42duK8HpPWNTJplqPufQWD9d5ce26imO1DOHWJoq6sGrYaNaihHJNXOX6EV363lmSEeEZNXZr+xOMgOGJoVg==",
      "cpu": [
        "riscv64"
      ],
      "dev": true,
      "license": "MIT",
      "optional": true,
      "os": [
        "linux"
      ]
    },
    "node_modules/@odiff/linux-x64": {
      "version": "4.5.0",
      "resolved": "https://registry.npmjs.org/@odiff/linux-x64/-/linux-x64-4.5.0.tgz",
      "integrity": "sha512-9Png/tO5M70Btcsv68wvIGk2GXIbc2CAw71rbeSOyUm7acFK/rOOCt5m4aJR4ZPC+bqEpB5RBp0kccNv9/Ji3A==",
      "cpu": [
        "x64"
      ],
      "dev": true,
      "license": "MIT",
      "optional": true,
      "os": [
        "linux"
      ]
    },
    "node_modules/@odiff/win32-arm64": {
      "version": "4.5.0",
      "resolved": "https://registry.npmjs.org/@odiff/win32-arm64/-/win32-arm64-4.5.0.tgz",
      "integrity": "sha512-Icz19TRoJXU6hEHppbEd8p4bGhDkE/aeECC/lnQuMMrUE14Meqmj+8Dwr+9/KWifIqDhgebwtH8wnNwH98x5/A==",
      "cpu": [
        "arm64"
      ],
      "dev": true,
      "license": "MIT",
      "optional": true,
      "os": [
        "win32"
      ]
    },
    "node_modules/@odiff/win32-x64": {
      "version": "4.5.0",
      "resolved": "https://registry.npmjs.org/@odiff/win32-x64/-/win32-x64-4.5.0.tgz",
      "integrity": "sha512-KSwUwFSmIbLxM+aJPrQggqLhMD+AUJMtsxX531Oiskp1n3z3o2V/6meIBdY6w7ZXb6ZvU/M1WjojPViCqiQFLw==",
      "cpu": [
        "x64"
      ],
      "dev": true,
      "license": "MIT",
      "optional": true,
      "os": [
        "win32"
      ]
    },
    "node_modules/fsevents": {
      "version": "2.3.2",
      "resolved": "https://registry.npmjs.org/fsevents/-/fsevents-2.3.2.tgz",
      "integrity": "sha512-xiqMQR4xAeHTuB9uWm+fFRcIOgKBMiOBP+eXiyT7jsgVCq1bkVygt00oASowB7EdtpOHaaPgKt812P9ab+DDKA==",
      "dev": true,
      "hasInstallScript": true,
      "license": "MIT",
      "optional": true,
      "os": [
        "darwin"
      ],
      "engines": {
        "node": "^8.16.0 || ^10.6.0 || >=11.0.0"
      }
    },
    "node_modules/material-symbols": {
      "version": "0.45.10",
      "resolved": "https://registry.npmjs.org/material-symbols/-/material-symbols-0.45.10.tgz",
      "integrity": "sha512-2A2mgdfZO4es9DFpIOSMAx3d/7erCLQWRm7zGxA3iXt9jV8e2vNLOszbG3kxzYQ6qp5GAWXVl13de8lS2oHVng==",
      "dev": true,
      "license": "Apache-2.0"
    },
    "node_modules/mustache": {
      "version": "4.2.0",
      "resolved": "https://registry.npmjs.org/mustache/-/mustache-4.2.0.tgz",
      "integrity": "sha512-71ippSywq5Yb7/tVYyGbkBggbU8H3u5Rz56fH60jGFgr8uHwxs+aSKeqmluIVzM0m0kB7xQjKS6qPfd0b2ZoqQ==",
      "dev": true,
      "license": "MIT",
      "bin": {
        "mustache": "bin/mustache"
      }
    },
    "node_modules/odiff-bin": {
      "version": "4.5.0",
      "resolved": "https://registry.npmjs.org/odiff-bin/-/odiff-bin-4.5.0.tgz",
      "integrity": "sha512-FaXidbI0XDLCjLAet5n5OvRDfr6Fwt/C5SyWPfwgSUvYhCej1rjZjDXb/xdk+N6yTOCeAFaJ5mwTmU4ZthvPaA==",
      "dev": true,
      "license": "MIT",
      "bin": {
        "odiff": "bin/odiff"
      },
      "optionalDependencies": {
        "@odiff/darwin-arm64": "4.5.0",
        "@odiff/darwin-x64": "4.5.0",
        "@odiff/linux-arm64": "4.5.0",
        "@odiff/linux-riscv64": "4.5.0",
        "@odiff/linux-x64": "4.5.0",
        "@odiff/win32-arm64": "4.5.0",
        "@odiff/win32-x64": "4.5.0"
      }
    },
    "node_modules/playwright": {
      "version": "1.60.0",
      "resolved": "https://registry.npmjs.org/playwright/-/playwright-1.60.0.tgz",
      "integrity": "sha512-hheHdokM8cdqCb0lcE3s+zT4t4W+vvjpGxsZlDnikarzx8tSzMebh3UiFtgqwFwnTnjYQcsyMF8ei2mCO/tpeA==",
      "dev": true,
      "license": "Apache-2.0",
      "dependencies": {
        "playwright-core": "1.60.0"
      },
      "bin": {
        "playwright": "cli.js"
      },
      "engines": {
        "node": ">=18"
      },
      "optionalDependencies": {
        "fsevents": "2.3.2"
      }
    },
    "node_modules/playwright-core": {
      "version": "1.60.0",
      "resolved": "https://registry.npmjs.org/playwright-core/-/playwright-core-1.60.0.tgz",
      "integrity": "sha512-9bW6zvX/m0lEbgTKJ6YppOKx8H3VOPBMOCFh2irXFOT4BbHgrx5hPjwJYLT40Lu+4qtD36qKc/Hn56StUW57IA==",
      "dev": true,
      "license": "Apache-2.0",
      "bin": {
        "playwright-core": "cli.js"
      },
      "engines": {
        "node": ">=18"
      }
    },
    "node_modules/three": {
      "version": "0.184.0",
      "resolved": "https://registry.npmjs.org/three/-/three-0.184.0.tgz",
      "integrity": "sha512-wtTRjG92pM5eUg/KuUnHsqSAlPM296brTOcLgMRqEeylYTh/CdtvKUvCyyCQTzFuStieWxvZb8mVTMvdPyUpxg==",
      "dev": true,
      "license": "MIT"
    }
  }
}
